// !$*UTF8*$!
{
	archiveVersion = 1;
	classes = {
	};
	objectVersion = 50;
	objects = {

/* Begin PBXBuildFile section */
		001B2EA420E4B5EB00160E46 /* AppDelegate.swift in Sources */ = {isa = PBXBuildFile; fileRef = 001B2EA320E4B5EB00160E46 /* AppDelegate.swift */; };
		001B2EA620E4B5EB00160E46 /* ViewController.swift in Sources */ = {isa = PBXBuildFile; fileRef = 001B2EA520E4B5EB00160E46 /* ViewController.swift */; };
		001B2EA920E4B5EB00160E46 /* Main.storyboard in Resources */ = {isa = PBXBuildFile; fileRef = 001B2EA720E4B5EB00160E46 /* Main.storyboard */; };
		001B2EAC20E4B5EC00160E46 /* BTC.xcdatamodeld in Sources */ = {isa = PBXBuildFile; fileRef = 001B2EAA20E4B5EC00160E46 /* BTC.xcdatamodeld */; };
		001B2EAE20E4B5F000160E46 /* Assets.xcassets in Resources */ = {isa = PBXBuildFile; fileRef = 001B2EAD20E4B5F000160E46 /* Assets.xcassets */; };
		001B2EB120E4B5F000160E46 /* LaunchScreen.storyboard in Resources */ = {isa = PBXBuildFile; fileRef = 001B2EAF20E4B5F000160E46 /* LaunchScreen.storyboard */; };
		001B2EBC20E4B5F000160E46 /* BTCTests.swift in Sources */ = {isa = PBXBuildFile; fileRef = 001B2EBB20E4B5F000160E46 /* BTCTests.swift */; };
		001B2EC720E4B5F000160E46 /* BTCUITests.swift in Sources */ = {isa = PBXBuildFile; fileRef = 001B2EC620E4B5F000160E46 /* BTCUITests.swift */; };
/* End PBXBuildFile section */

/* Begin PBXContainerItemProxy section */
		001B2EB820E4B5F000160E46 /* PBXContainerItemProxy */ = {
			isa = PBXContainerItemProxy;
			containerPortal = 001B2E9820E4B5EB00160E46 /* Project object */;
			proxyType = 1;
			remoteGlobalIDString = 001B2E9F20E4B5EB00160E46;
			remoteInfo = BTC;
		};
		001B2EC320E4B5F000160E46 /* PBXContainerItemProxy */ = {
			isa = PBXContainerItemProxy;
			containerPortal = 001B2E9820E4B5EB00160E46 /* Project object */;
			proxyType = 1;
			remoteGlobalIDString = 001B2E9F20E4B5EB00160E46;
			remoteInfo = BTC;
		};
/* End PBXContainerItemProxy section */

/* Begin PBXFileReference section */
		001B2EA020E4B5EB00160E46 /* BTC.app */ = {isa = PBXFileReference; explicitFileType = wrapper.application; includeInIndex = 0; path = BTC.app; sourceTree = BUILT_PRODUCTS_DIR; };
		001B2EA320E4B5EB00160E46 /* AppDelegate.swift */ = {isa = PBXFileReference; lastKnownFileType = sourcecode.swift; path = AppDelegate.swift; sourceTree = "<group>"; };
		001B2EA520E4B5EB00160E46 /* ViewController.swift */ = {isa = PBXFileReference; lastKnownFileType = sourcecode.swift; path = ViewController.swift; sourceTree = "<group>"; };
		001B2EA820E4B5EB00160E46 /* Base */ = {isa = PBXFileReference; lastKnownFileType = file.storyboard; name = Base; path = Base.lproj/Main.storyboard; sourceTree = "<group>"; };
		001B2EAB20E4B5EC00160E46 /* BTC.xcdatamodel */ = {isa = PBXFileReference; lastKnownFileType = wrapper.xcdatamodel; path = BTC.xcdatamodel; sourceTree = "<group>"; };
		001B2EAD20E4B5F000160E46 /* Assets.xcassets */ = {isa = PBXFileReference; lastKnownFileType = folder.assetcatalog; path = Assets.xcassets; sourceTree = "<group>"; };
		001B2EB020E4B5F000160E46 /* Base */ = {isa = PBXFileReference; lastKnownFileType = file.storyboard; name = Base; path = Base.lproj/LaunchScreen.storyboard; sourceTree = "<group>"; };
		001B2EB220E4B5F000160E46 /* Info.plist */ = {isa = PBXFileReference; lastKnownFileType = text.plist.xml; path = Info.plist; sourceTree = "<group>"; };
		001B2EB720E4B5F000160E46 /* BTCTests.xctest */ = {isa = PBXFileReference; explicitFileType = wrapper.cfbundle; includeInIndex = 0; path = BTCTests.xctest; sourceTree = BUILT_PRODUCTS_DIR; };
		001B2EBB20E4B5F000160E46 /* BTCTests.swift */ = {isa = PBXFileReference; lastKnownFileType = sourcecode.swift; path = BTCTests.swift; sourceTree = "<group>"; };
		001B2EBD20E4B5F000160E46 /* Info.plist */ = {isa = PBXFileReference; lastKnownFileType = text.plist.xml; path = Info.plist; sourceTree = "<group>"; };
		001B2EC220E4B5F000160E46 /* BTCUITests.xctest */ = {isa = PBXFileReference; explicitFileType = wrapper.cfbundle; includeInIndex = 0; path = BTCUITests.xctest; sourceTree = BUILT_PRODUCTS_DIR; };
		001B2EC620E4B5F000160E46 /* BTCUITests.swift */ = {isa = PBXFileReference; lastKnownFileType = sourcecode.swift; path = BTCUITests.swift; sourceTree = "<group>"; };
		001B2EC820E4B5F000160E46 /* Info.plist */ = {isa = PBXFileReference; lastKnownFileType = text.plist.xml; path = Info.plist; sourceTree = "<group>"; };
/* End PBXFileReference section */

/* Begin PBXFrameworksBuildPhase section */
		001B2E9D20E4B5EB00160E46 /* Frameworks */ = {
			isa = PBXFrameworksBuildPhase;
			buildActionMask = 2147483647;
			files = (
			);
			runOnlyForDeploymentPostprocessing = 0;
		};
		001B2EB420E4B5F000160E46 /* Frameworks */ = {
			isa = PBXFrameworksBuildPhase;
			buildActionMask = 2147483647;
			files = (
			);
			runOnlyForDeploymentPostprocessing = 0;
		};
		001B2EBF20E4B5F000160E46 /* Frameworks */ = {
			isa = PBXFrameworksBuildPhase;
			buildActionMask = 2147483647;
			files = (
			);
			runOnlyForDeploymentPostprocessing = 0;
		};
/* End PBXFrameworksBuildPhase section */

/* Begin PBXGroup section */
		001B2E9720E4B5EB00160E46 = {
			isa = PBXGroup;
			children = (
				001B2EA220E4B5EB00160E46 /* BTC */,
				001B2EBA20E4B5F000160E46 /* BTCTests */,
				001B2EC520E4B5F000160E46 /* BTCUITests */,
				001B2EA120E4B5EB00160E46 /* Products */,
			);
			sourceTree = "<group>";
		};
		001B2EA120E4B5EB00160E46 /* Products */ = {
			isa = PBXGroup;
			children = (
				001B2EA020E4B5EB00160E46 /* BTC.app */,
				001B2EB720E4B5F000160E46 /* BTCTests.xctest */,
				001B2EC220E4B5F000160E46 /* BTCUITests.xctest */,
			);
			name = Products;
			sourceTree = "<group>";
		};
		001B2EA220E4B5EB00160E46 /* BTC */ = {
			isa = PBXGroup;
			children = (
				001B2EA320E4B5EB00160E46 /* AppDelegate.swift */,
				001B2EA520E4B5EB00160E46 /* ViewController.swift */,
				001B2EA720E4B5EB00160E46 /* Main.storyboard */,
				001B2EAD20E4B5F000160E46 /* Assets.xcassets */,
				001B2EAF20E4B5F000160E46 /* LaunchScreen.storyboard */,
				001B2EB220E4B5F000160E46 /* Info.plist */,
				001B2EAA20E4B5EC00160E46 /* BTC.xcdatamodeld */,
			);
			path = BTC;
			sourceTree = "<group>";
		};
		001B2EBA20E4B5F000160E46 /* BTCTests */ = {
			isa = PBXGroup;
			children = (
				001B2EBB20E4B5F000160E46 /* BTCTests.swift */,
				001B2EBD20E4B5F000160E46 /* Info.plist */,
			);
			path = BTCTests;
			sourceTree = "<group>";
		};
		001B2EC520E4B5F000160E46 /* BTCUITests */ = {
			isa = PBXGroup;
			children = (
				001B2EC620E4B5F000160E46 /* BTCUITests.swift */,
				001B2EC820E4B5F000160E46 /* Info.plist */,
			);
			path = BTCUITests;
			sourceTree = "<group>";
		};
/* End PBXGroup section */

/* Begin PBXNativeTarget section */
		001B2E9F20E4B5EB00160E46 /* BTC */ = {
			isa = PBXNativeTarget;
			buildConfigurationList = 001B2ECB20E4B5F000160E46 /* Build configuration list for PBXNativeTarget "BTC" */;
			buildPhases = (
				001B2E9C20E4B5EB00160E46 /* Sources */,
				001B2E9D20E4B5EB00160E46 /* Frameworks */,
				001B2E9E20E4B5EB00160E46 /* Resources */,
			);
			buildRules = (
			);
			dependencies = (
			);
			name = BTC;
			productName = BTC;
			productReference = 001B2EA020E4B5EB00160E46 /* BTC.app */;
			productType = "com.apple.product-type.application";
		};
		001B2EB620E4B5F000160E46 /* BTCTests */ = {
			isa = PBXNativeTarget;
			buildConfigurationList = 001B2ECE20E4B5F000160E46 /* Build configuration list for PBXNativeTarget "BTCTests" */;
			buildPhases = (
				001B2EB320E4B5F000160E46 /* Sources */,
				001B2EB420E4B5F000160E46 /* Frameworks */,
				001B2EB520E4B5F000160E46 /* Resources */,
			);
			buildRules = (
			);
			dependencies = (
				001B2EB920E4B5F000160E46 /* PBXTargetDependency */,
			);
			name = BTCTests;
			productName = BTCTests;
			productReference = 001B2EB720E4B5F000160E46 /* BTCTests.xctest */;
			productType = "com.apple.product-type.bundle.unit-test";
		};
		001B2EC120E4B5F000160E46 /* BTCUITests */ = {
			isa = PBXNativeTarget;
			buildConfigurationList = 001B2ED120E4B5F000160E46 /* Build configuration list for PBXNativeTarget "BTCUITests" */;
			buildPhases = (
				001B2EBE20E4B5F000160E46 /* Sources */,
				001B2EBF20E4B5F000160E46 /* Frameworks */,
				001B2EC020E4B5F000160E46 /* Resources */,
			);
			buildRules = (
			);
			dependencies = (
				001B2EC420E4B5F000160E46 /* PBXTargetDependency */,
			);
			name = BTCUITests;
			productName = BTCUITests;
			productReference = 001B2EC220E4B5F000160E46 /* BTCUITests.xctest */;
			productType = "com.apple.product-type.bundle.ui-testing";
		};
/* End PBXNativeTarget section */

/* Begin PBXProject section */
		001B2E9820E4B5EB00160E46 /* Project object */ = {
			isa = PBXProject;
			attributes = {
				LastSwiftUpdateCheck = 0940;
				LastUpgradeCheck = 0940;
				ORGANIZATIONNAME = "Sandpiper Software";
				TargetAttributes = {
					001B2E9F20E4B5EB00160E46 = {
						CreatedOnToolsVersion = 9.4.1;
					};
					001B2EB620E4B5F000160E46 = {
						CreatedOnToolsVersion = 9.4.1;
						TestTargetID = 001B2E9F20E4B5EB00160E46;
					};
					001B2EC120E4B5F000160E46 = {
						CreatedOnToolsVersion = 9.4.1;
						TestTargetID = 001B2E9F20E4B5EB00160E46;
					};
				};
			};
			buildConfigurationList = 001B2E9B20E4B5EB00160E46 /* Build configuration list for PBXProject "BTC" */;
			compatibilityVersion = "Xcode 9.3";
			developmentRegion = en;
			hasScannedForEncodings = 0;
			knownRegions = (
				en,
				Base,
			);
			mainGroup = 001B2E9720E4B5EB00160E46;
			productRefGroup = 001B2EA120E4B5EB00160E46 /* Products */;
			projectDirPath = "";
			projectRoot = "";
			targets = (
				001B2E9F20E4B5EB00160E46 /* BTC */,
				001B2EB620E4B5F000160E46 /* BTCTests */,
				001B2EC120E4B5F000160E46 /* BTCUITests */,
			);
		};
/* End PBXProject section */

/* Begin PBXResourcesBuildPhase section */
		001B2E9E20E4B5EB00160E46 /* Resources */ = {
			isa = PBXResourcesBuildPhase;
			buildActionMask = 2147483647;
			files = (
				001B2EB120E4B5F000160E46 /* LaunchScreen.storyboard in Resources */,
				001B2EAE20E4B5F000160E46 /* Assets.xcassets in Resources */,
				001B2EA920E4B5EB00160E46 /* Main.storyboard in Resources */,
			);
			runOnlyForDeploymentPostprocessing = 0;
		};
		001B2EB520E4B5F000160E46 /* Resources */ = {
			isa = PBXResourcesBuildPhase;
			buildActionMask = 2147483647;
			files = (
			);
			runOnlyForDeploymentPostprocessing = 0;
		};
		001B2EC020E4B5F000160E46 /* Resources */ = {
			isa = PBXResourcesBuildPhase;
			buildActionMask = 2147483647;
			files = (
			);
			runOnlyForDeploymentPostprocessing = 0;
		};
/* End PBXResourcesBuildPhase section */

/* Begin PBXSourcesBuildPhase section */
		001B2E9C20E4B5EB00160E46 /* Sources */ = {
			isa = PBXSourcesBuildPhase;
			buildActionMask = 2147483647;
			files = (
				001B2EA620E4B5EB00160E46 /* ViewController.swift in Sources */,
				001B2EAC20E4B5EC00160E46 /* BTC.xcdatamodeld in Sources */,
				001B2EA420E4B5EB00160E46 /* AppDelegate.swift in Sources */,
			);
			runOnlyForDeploymentPostprocessing = 0;
		};
		001B2EB320E4B5F000160E46 /* Sources */ = {
			isa = PBXSourcesBuildPhase;
			buildActionMask = 2147483647;
			files = (
				001B2EBC20E4B5F000160E46 /* BTCTests.swift in Sources */,
			);
			runOnlyForDeploymentPostprocessing = 0;
		};
		001B2EBE20E4B5F000160E46 /* Sources */ = {
			isa = PBXSourcesBuildPhase;
			buildActionMask = 2147483647;
			files = (
				001B2EC720E4B5F000160E46 /* BTCUITests.swift in Sources */,
			);
			runOnlyForDeploymentPostprocessing = 0;
		};
/* End PBXSourcesBuildPhase section */

/* Begin PBXTargetDependency section */
		001B2EB920E4B5F000160E46 /* PBXTargetDependency */ = {
			isa = PBXTargetDependency;
			target = 001B2E9F20E4B5EB00160E46 /* BTC */;
			targetProxy = 001B2EB820E4B5F000160E46 /* PBXContainerItemProxy */;
		};
		001B2EC420E4B5F000160E46 /* PBXTargetDependency */ = {
			isa = PBXTargetDependency;
			target = 001B2E9F20E4B5EB00160E46 /* BTC */;
			targetProxy = 001B2EC320E4B5F000160E46 /* PBXContainerItemProxy */;
		};
/* End PBXTargetDependency section */

/* Begin PBXVariantGroup section */
		001B2EA720E4B5EB00160E46 /* Main.storyboard */ = {
			isa = PBXVariantGroup;
			children = (
				001B2EA820E4B5EB00160E46 /* Base */,
			);
			name = Main.storyboard;
			sourceTree = "<group>";
		};
		001B2EAF20E4B5F000160E46 /* LaunchScreen.storyboard */ = {
			isa = PBXVariantGroup;
			children = (
				001B2EB020E4B5F000160E46 /* Base */,
			);
			name = LaunchScreen.storyboard;
			sourceTree = "<group>";
		};
/* End PBXVariantGroup section */

/* Begin XCBuildConfiguration section */
		001B2EC920E4B5F000160E46 /* Debug */ = {
			isa = XCBuildConfiguration;
			buildSettings = {
				ALWAYS_SEARCH_USER_PATHS = NO;
				CLANG_ANALYZER_NONNULL = YES;
				CLANG_ANALYZER_NUMBER_OBJECT_CONVERSION = YES_AGGRESSIVE;
				CLANG_CXX_LANGUAGE_STANDARD = "gnu++14";
				CLANG_CXX_LIBRARY = "libc++";
				CLANG_ENABLE_MODULES = YES;
				CLANG_ENABLE_OBJC_ARC = YES;
				CLANG_ENABLE_OBJC_WEAK = YES;
				CLANG_WARN_BLOCK_CAPTURE_AUTORELEASING = YES;
				CLANG_WARN_BOOL_CONVERSION = YES;
				CLANG_WARN_COMMA = YES;
				CLANG_WARN_CONSTANT_CONVERSION = YES;
				CLANG_WARN_DEPRECATED_OBJC_IMPLEMENTATIONS = YES;
				CLANG_WARN_DIRECT_OBJC_ISA_USAGE = YES_ERROR;
				CLANG_WARN_DOCUMENTATION_COMMENTS = YES;
				CLANG_WARN_EMPTY_BODY = YES;
				CLANG_WARN_ENUM_CONVERSION = YES;
				CLANG_WARN_INFINITE_RECURSION = YES;
				CLANG_WARN_INT_CONVERSION = YES;
				CLANG_WARN_NON_LITERAL_NULL_CONVERSION = YES;
				CLANG_WARN_OBJC_IMPLICIT_RETAIN_SELF = YES;
				CLANG_WARN_OBJC_LITERAL_CONVERSION = YES;
				CLANG_WARN_OBJC_ROOT_CLASS = YES_ERROR;
				CLANG_WARN_RANGE_LOOP_ANALYSIS = YES;
				CLANG_WARN_STRICT_PROTOTYPES = YES;
				CLANG_WARN_SUSPICIOUS_MOVE = YES;
				CLANG_WARN_UNGUARDED_AVAILABILITY = YES_AGGRESSIVE;
				CLANG_WARN_UNREACHABLE_CODE = YES;
				CLANG_WARN__DUPLICATE_METHOD_MATCH = YES;
				CODE_SIGN_IDENTITY = "iPhone Developer";
				COPY_PHASE_STRIP = NO;
				DEBUG_INFORMATION_FORMAT = dwarf;
				ENABLE_STRICT_OBJC_MSGSEND = YES;
				ENABLE_TESTABILITY = YES;
				GCC_C_LANGUAGE_STANDARD = gnu11;
				GCC_DYNAMIC_NO_PIC = NO;
				GCC_NO_COMMON_BLOCKS = YES;
				GCC_OPTIMIZATION_LEVEL = 0;
				GCC_PREPROCESSOR_DEFINITIONS = (
					"DEBUG=1",
					"$(inherited)",
				);
				GCC_WARN_64_TO_32_BIT_CONVERSION = YES;
				GCC_WARN_ABOUT_RETURN_TYPE = YES_ERROR;
				GCC_WARN_UNDECLARED_SELECTOR = YES;
				GCC_WARN_UNINITIALIZED_AUTOS = YES_AGGRESSIVE;
				GCC_WARN_UNUSED_FUNCTION = YES;
				GCC_WARN_UNUSED_VARIABLE = YES;
				IPHONEOS_DEPLOYMENT_TARGET = 11.4;
				MTL_ENABLE_DEBUG_INFO = YES;
				ONLY_ACTIVE_ARCH = YES;
				SDKROOT = iphoneos;
				SWIFT_ACTIVE_COMPILATION_CONDITIONS = DEBUG;
				SWIFT_OPTIMIZATION_LEVEL = "-Onone";
			};
			name = Debug;
		};
		001B2ECA20E4B5F000160E46 /* Release */ = {
			isa = XCBuildConfiguration;
			buildSettings = {
				ALWAYS_SEARCH_USER_PATHS = NO;
				CLANG_ANALYZER_NONNULL = YES;
				CLANG_ANALYZER_NUMBER_OBJECT_CONVERSION = YES_AGGRESSIVE;
				CLANG_CXX_LANGUAGE_STANDARD = "gnu++14";
				CLANG_CXX_LIBRARY = "libc++";
				CLANG_ENABLE_MODULES = YES;
				CLANG_ENABLE_OBJC_ARC = YES;
				CLANG_ENABLE_OBJC_WEAK = YES;
				CLANG_WARN_BLOCK_CAPTURE_AUTORELEASING = YES;
				CLANG_WARN_BOOL_CONVERSION = YES;
				CLANG_WARN_COMMA = YES;
				CLANG_WARN_CONSTANT_CONVERSION = YES;
				CLANG_WARN_DEPRECATED_OBJC_IMPLEMENTATIONS = YES;
				CLANG_WARN_DIRECT_OBJC_ISA_USAGE = YES_ERROR;
				CLANG_WARN_DOCUMENTATION_COMMENTS = YES;
				CLANG_WARN_EMPTY_BODY = YES;
				CLANG_WARN_ENUM_CONVERSION = YES;
				CLANG_WARN_INFINITE_RECURSION = YES;
				CLANG_WARN_INT_CONVERSION = YES;
				CLANG_WARN_NON_LITERAL_NULL_CONVERSION = YES;
				CLANG_WARN_OBJC_IMPLICIT_RETAIN_SELF = YES;
				CLANG_WARN_OBJC_LITERAL_CONVERSION = YES;
				CLANG_WARN_OBJC_ROOT_CLASS = YES_ERROR;
				CLANG_WARN_RANGE_LOOP_ANALYSIS = YES;
				CLANG_WARN_STRICT_PROTOTYPES = YES;
				CLANG_WARN_SUSPICIOUS_MOVE = YES;
				CLANG_WARN_UNGUARDED_AVAILABILITY = YES_AGGRESSIVE;
				CLANG_WARN_UNREACHABLE_CODE = YES;
				CLANG_WARN__DUPLICATE_METHOD_MATCH = YES;
				CODE_SIGN_IDENTITY = "iPhone Developer";
				COPY_PHASE_STRIP = NO;
				DEBUG_INFORMATION_FORMAT = "dwarf-with-dsym";
				ENABLE_NS_ASSERTIONS = NO;
				ENABLE_STRICT_OBJC_MSGSEND = YES;
				GCC_C_LANGUAGE_STANDARD = gnu11;
				GCC_NO_COMMON_BLOCKS = YES;
				GCC_WARN_64_TO_32_BIT_CONVERSION = YES;
				GCC_WARN_ABOUT_RETURN_TYPE = YES_ERROR;
				GCC_WARN_UNDECLARED_SELECTOR = YES;
				GCC_WARN_UNINITIALIZED_AUTOS = YES_AGGRESSIVE;
				GCC_WARN_UNUSED_FUNCTION = YES;
				GCC_WARN_UNUSED_VARIABLE = YES;
				IPHONEOS_DEPLOYMENT_TARGET = 11.4;
				MTL_ENABLE_DEBUG_INFO = NO;
				SDKROOT = iphoneos;
				SWIFT_COMPILATION_MODE = wholemodule;
				SWIFT_OPTIMIZATION_LEVEL = "-O";
				VALIDATE_PRODUCT = YES;
			};
			name = Release;
		};
		001B2ECC20E4B5F000160E46 /* Debug */ = {
			isa = XCBuildConfiguration;
			buildSettings = {
				ASSETCATALOG_COMPILER_APPICON_NAME = AppIcon;
				CODE_SIGN_STYLE = Automatic;
				DEVELOPMENT_TEAM = CUH5EB8LAQ;
				INFOPLIST_FILE = BTC/Info.plist;
				LD_RUNPATH_SEARCH_PATHS = (
					"$(inherited)",
					"@executable_path/Frameworks",
				);
				PRODUCT_BUNDLE_IDENTIFIER = "com.Sandpiper-Software.BTC";
				PRODUCT_NAME = "$(TARGET_NAME)";
				SWIFT_VERSION = 4.0;
				TARGETED_DEVICE_FAMILY = "1,2";
			};
			name = Debug;
		};
		001B2ECD20E4B5F000160E46 /* Release */ = {
			isa = XCBuildConfiguration;
			buildSettings = {
				ASSETCATALOG_COMPILER_APPICON_NAME = AppIcon;
				CODE_SIGN_STYLE = Automatic;
				DEVELOPMENT_TEAM = CUH5EB8LAQ;
				INFOPLIST_FILE = BTC/Info.plist;
				LD_RUNPATH_SEARCH_PATHS = (
					"$(inherited)",
					"@executable_path/Frameworks",
				);
				PRODUCT_BUNDLE_IDENTIFIER = "com.Sandpiper-Software.BTC";
				PRODUCT_NAME = "$(TARGET_NAME)";
				SWIFT_VERSION = 4.0;
				TARGETED_DEVICE_FAMILY = "1,2";
			};
			name = Release;
		};
		001B2ECF20E4B5F000160E46 /* Debug */ = {
			isa = XCBuildConfiguration;
			buildSettings = {
				ALWAYS_EMBED_SWIFT_STANDARD_LIBRARIES = YES;
				BUNDLE_LOADER = "$(TEST_HOST)";
				CODE_SIGN_STYLE = Automatic;
				DEVELOPMENT_TEAM = CUH5EB8LAQ;
				INFOPLIST_FILE = BTCTests/Info.plist;
				LD_RUNPATH_SEARCH_PATHS = (
					"$(inherited)",
					"@executable_path/Frameworks",
					"@loader_path/Frameworks",
				);
				PRODUCT_BUNDLE_IDENTIFIER = "com.Sandpiper-Software.BTCTests";
				PRODUCT_NAME = "$(TARGET_NAME)";
				SWIFT_VERSION = 4.0;
				TARGETED_DEVICE_FAMILY = "1,2";
				TEST_HOST = "$(BUILT_PRODUCTS_DIR)/BTC.app/BTC";
			};
			name = Debug;
		};
		001B2ED020E4B5F000160E46 /* Release */ = {
			isa = XCBuildConfiguration;
			buildSettings = {
				ALWAYS_EMBED_SWIFT_STANDARD_LIBRARIES = YES;
				BUNDLE_LOADER = "$(TEST_HOST)";
				CODE_SIGN_STYLE = Automatic;
				DEVELOPMENT_TEAM = CUH5EB8LAQ;
				INFOPLIST_FILE = BTCTests/Info.plist;
				LD_RUNPATH_SEARCH_PATHS = (
					"$(inherited)",
					"@executable_path/Frameworks",
					"@loader_path/Frameworks",
				);
				PRODUCT_BUNDLE_IDENTIFIER = "com.Sandpiper-Software.BTCTests";
				PRODUCT_NAME = "$(TARGET_NAME)";
				SWIFT_VERSION = 4.0;
				TARGETED_DEVICE_FAMILY = "1,2";
				TEST_HOST = "$(BUILT_PRODUCTS_DIR)/BTC.app/BTC";
			};
			name = Release;
		};
		001B2ED220E4B5F000160E46 /* Debug */ = {
			isa = XCBuildConfiguration;
			buildSettings = {
				ALWAYS_EMBED_SWIFT_STANDARD_LIBRARIES = YES;
				CODE_SIGN_STYLE = Automatic;
				DEVELOPMENT_TEAM = CUH5EB8LAQ;
				INFOPLIST_FILE = BTCUITests/Info.plist;
				LD_RUNPATH_SEARCH_PATHS = (
					"$(inherited)",
					"@executable_path/Frameworks",
					"@loader_path/Frameworks",
				);
				PRODUCT_BUNDLE_IDENTIFIER = "com.Sandpiper-Software.BTCUITests";
				PRODUCT_NAME = "$(TARGET_NAME)";
				SWIFT_VERSION = 4.0;
				TARGETED_DEVICE_FAMILY = "1,2";
				TEST_TARGET_NAME = BTC;
			};
			name = Debug;
		};
		001B2ED320E4B5F000160E46 /* Release */ = {
			isa = XCBuildConfiguration;
			buildSettings = {
				ALWAYS_EMBED_SWIFT_STANDARD_LIBRARIES = YES;
				CODE_SIGN_STYLE = Automatic;
				DEVELOPMENT_TEAM = CUH5EB8LAQ;
				INFOPLIST_FILE = BTCUITests/Info.plist;
				LD_RUNPATH_SEARCH_PATHS = (
					"$(inherited)",
					"@executable_path/Frameworks",
					"@loader_path/Frameworks",
				);
				PRODUCT_BUNDLE_IDENTIFIER = "com.Sandpiper-Software.BTCUITests";
				PRODUCT_NAME = "$(TARGET_NAME)";
				SWIFT_VERSION = 4.0;
				TARGETED_DEVICE_FAMILY = "1,2";
				TEST_TARGET_NAME = BTC;
			};
			name = Release;
		};
/* End XCBuildConfiguration section */

/* Begin XCConfigurationList section */
		001B2E9B20E4B5EB00160E46 /* Build configuration list for PBXProject "BTC" */ = {
			isa = XCConfigurationList;
			buildConfigurations = (
				001B2EC920E4B5F000160E46 /* Debug */,
				001B2ECA20E4B5F000160E46 /* Release */,
			);
			defaultConfigurationIsVisible = 0;
			defaultConfigurationName = Release;
		};
		001B2ECB20E4B5F000160E46 /* Build configuration list for PBXNativeTarget "BTC" */ = {
			isa = XCConfigurationList;
			buildConfigurations = (
				001B2ECC20E4B5F000160E46 /* Debug */,
				001B2ECD20E4B5F000160E46 /* Release */,
			);
			defaultConfigurationIsVisible = 0;
			defaultConfigurationName = Release;
		};
		001B2ECE20E4B5F000160E46 /* Build configuration list for PBXNativeTarget "BTCTests" */ = {
			isa = XCConfigurationList;
			buildConfigurations = (
				001B2ECF20E4B5F000160E46 /* Debug */,
				001B2ED020E4B5F000160E46 /* Release */,
			);
			defaultConfigurationIsVisible = 0;
			defaultConfigurationName = Release;
		};
		001B2ED120E4B5F000160E46 /* Build configuration list for PBXNativeTarget "BTCUITests" */ = {
			isa = XCConfigurationList;
			buildConfigurations = (
				001B2ED220E4B5F000160E46 /* Debug */,
				001B2ED320E4B5F000160E46 /* Release */,
			);
			defaultConfigurationIsVisible = 0;
			defaultConfigurationName = Release;
		};
/* End XCConfigurationList section */

/* Begin XCVersionGroup section */
		001B2EAA20E4B5EC00160E46 /* BTC.xcdatamodeld */ = {
			isa = XCVersionGroup;
			children = (
				001B2EAB20E4B5EC00160E46 /* BTC.xcdatamodel */,
			);
			currentVersion = 001B2EAB20E4B5EC00160E46 /* BTC.xcdatamodel */;
			path = BTC.xcdatamodeld;
			sourceTree = "<group>";
			versionGroupType = wrapper.xcdatamodel;
		};
/* End XCVersionGroup section */
	};
	rootObject = 001B2E9820E4B5EB00160E46 /* Project object */;
}
